
Microsoft Visual Studio Solution File, Format Version 12.00
# Visual Studio 2012
Project("{8BC9CEB8-8B4A-11D0-8D11-00A0C91BC942}") = "02561-01-01", "02561-01-01\02561-01-01.vcxproj", "{81E5C491-C4DB-4E32-90EA-32DCD0B54311}"
EndProject
Project("{8BC9CEB8-8B4A-11D0-8D11-00A0C91BC942}") = "02561-01-02", "02561-01-02\02561-01-02.vcxproj", "{C8B29E3F-134C-4CAB-BE02-CDEE860919CB}"
EndProject
Project("{8BC9CEB8-8B4A-11D0-8D11-00A0C91BC942}") = "02561-01-03", "02561-01-03\02561-01-03.vcxproj", "{F5D34C10-9668-4F17-A6B4-D393DD41FF11}"
EndProject
Project("{8BC9CEB8-8B4A-11D0-8D11-00A0C91BC942}") = "02561-01-05", "02561-01-05\02561-01-05.vcxproj", "{489788EF-B5B2-4C01-8AF3-C0087F60F8AA}"
EndProject
Project("{8BC9CEB8-8B4A-11D0-8D11-00A0C91BC942}") = "02561-01-04", "02561-01-04\02561-01-04.vcxproj", "{41744173-F65D-4462-8C72-53BEC0FD58DC}"
EndProject
Project("{8BC9CEB8-8B4A-11D0-8D11-00A0C91BC942}") = "02561-01-07", "02561-01-07\02561-01-07.vcxproj", "{FA2D75C4-7E68-4ACB-B096-0BC07A2A20A3}"
EndProject
Global
	GlobalSection(SolutionConfigurationPlatforms) = preSolution
		Debug|Win32 = Debug|Win32
		Release|Win32 = Release|Win32
	EndGlobalSection
	GlobalSection(ProjectConfigurationPlatforms) = postSolution
		{81E5C491-C4DB-4E32-90EA-32DCD0B54311}.Debug|Win32.ActiveCfg = Debug|Win32
		{81E5C491-C4DB-4E32-90EA-32DCD0B54311}.Debug|Win32.Build.0 = Debug|Win32
		{81E5C491-C4DB-4E32-90EA-32DCD0B54311}.Release|Win32.ActiveCfg = Release|Win32
		{81E5C491-C4DB-4E32-90EA-32DCD0B54311}.Release|Win32.Build.0 = Release|Win32
		{C8B29E3F-134C-4CAB-BE02-CDEE860919CB}.Debug|Win32.ActiveCfg = Debug|Win32
		{C8B29E3F-134C-4CAB-BE02-CDEE860919CB}.Debug|Win32.Build.0 = Debug|Win32
		{C8B29E3F-134C-4CAB-BE02-CDEE860919CB}.Release|Win32.ActiveCfg = Release|Win32
		{C8B29E3F-134C-4CAB-BE02-CDEE860919CB}.Release|Win32.Build.0 = Release|Win32
		{F5D34C10-9668-4F17-A6B4-D393DD41FF11}.Debug|Win32.ActiveCfg = Debug|Win32
		{F5D34C10-9668-4F17-A6B4-D393DD41FF11}.Debug|Win32.Build.0 = Debug|Win32
		{F5D34C10-9668-4F17-A6B4-D393DD41FF11}.Release|Win32.ActiveCfg = Release|Win32
		{F5D34C10-9668-4F17-A6B4-D393DD41FF11}.Release|Win32.Build.0 = Release|Win32
		{489788EF-B5B2-4C01-8AF3-C0087F60F8AA}.Debug|Win32.ActiveCfg = Debug|Win32
		{489788EF-B5B2-4C01-8AF3-C0087F60F8AA}.Debug|Win32.Build.0 = Debug|Win32
		{489788EF-B5B2-4C01-8AF3-C0087F60F8AA}.Release|Win32.ActiveCfg = Release|Win32
		{489788EF-B5B2-4C01-8AF3-C0087F60F8AA}.Release|Win32.Build.0 = Release|Win32
		{41744173-F65D-4462-8C72-53BEC0FD58DC}.Debug|Win32.ActiveCfg = Debug|Win32
		{41744173-F65D-4462-8C72-53BEC0FD58DC}.Debug|Win32.Build.0 = Debug|Win32
		{41744173-F65D-4462-8C72-53BEC0FD58DC}.Release|Win32.ActiveCfg = Release|Win32
		{41744173-F65D-4462-8C72-53BEC0FD58DC}.Release|Win32.Build.0 = Release|Win32
		{FA2D75C4-7E68-4ACB-B096-0BC07A2A20A3}.Debug|Win32.ActiveCfg = Debug|Win32
		{FA2D75C4-7E68-4ACB-B096-0BC07A2A20A3}.Debug|Win32.Build.0 = Debug|Win32
		{FA2D75C4-7E68-4ACB-B096-0BC07A2A20A3}.Release|Win32.ActiveCfg = Release|Win32
		{FA2D75C4-7E68-4ACB-B096-0BC07A2A20A3}.Release|Win32.Build.0 = Release|Win32
	EndGlobalSection
	GlobalSection(SolutionProperties) = preSolution
		HideSolutionNode = FALSE
	EndGlobalSection
EndGlobal
