
Microsoft Visual Studio Solution File, Format Version 12.00
# Visual Studio 2012
Project("{8BC9CEB8-8B4A-11D0-8D11-00A0C91BC942}") = "02561-01-01", "..\Exercise01\02561-01-01\02561-01-01.vcxproj", "{81E5C491-C4DB-4E32-90EA-32DCD0B54311}"
EndProject
Project("{8BC9CEB8-8B4A-11D0-8D11-00A0C91BC942}") = "02561-01-02", "..\Exercise01\02561-01-02\02561-01-02.vcxproj", "{C8B29E3F-134C-4CAB-BE02-CDEE860919CB}"
EndProject
Project("{8BC9CEB8-8B4A-11D0-8D11-00A0C91BC942}") = "02561-01-03", "..\Exercise01\02561-01-03\02561-01-03.vcxproj", "{F5D34C10-9668-4F17-A6B4-D393DD41FF11}"
EndProject
Project("{8BC9CEB8-8B4A-11D0-8D11-00A0C91BC942}") = "02561-01-04", "..\Exercise01\02561-01-04\02561-01-04.vcxproj", "{41744173-F65D-4462-8C72-53BEC0FD58DC}"
EndProject
Project("{8BC9CEB8-8B4A-11D0-8D11-00A0C91BC942}") = "02561-01-05", "..\Exercise01\02561-01-05\02561-01-05.vcxproj", "{489788EF-B5B2-4C01-8AF3-C0087F60F8AA}"
EndProject
Project("{8BC9CEB8-8B4A-11D0-8D11-00A0C91BC942}") = "02561-01-07", "..\Exercise01\02561-01-07\02561-01-07.vcxproj", "{FA2D75C4-7E68-4ACB-B096-0BC07A2A20A3}"
EndProject
Project("{8BC9CEB8-8B4A-11D0-8D11-00A0C91BC942}") = "02561-02-01", "..\Exercise02\02561-02-01\02561-02-01.vcxproj", "{E70743BC-4F6E-4AC6-8A79-1E490FB9F9F4}"
EndProject
Project("{8BC9CEB8-8B4A-11D0-8D11-00A0C91BC942}") = "02561-02-02", "..\Exercise02\02561-02-02\02561-02-02.vcxproj", "{3589E28C-0CD6-4157-AB14-0C699DA15DDF}"
EndProject
Project("{8BC9CEB8-8B4A-11D0-8D11-00A0C91BC942}") = "02561-02-03", "..\Exercise02\02561-02-03\02561-02-03.vcxproj", "{570AC744-C91B-47DB-BAF0-11E7A32AE4D2}"
EndProject
Project("{8BC9CEB8-8B4A-11D0-8D11-00A0C91BC942}") = "02561-02-04", "..\Exercise02\02561-02-04\02561-02-04.vcxproj", "{E74FD6E1-4488-40B3-8731-2CE8D01EB5D0}"
EndProject
Project("{8BC9CEB8-8B4A-11D0-8D11-00A0C91BC942}") = "02561-02-05", "..\Exercise02\02561-02-05\02561-02-05.vcxproj", "{32158A05-E8FA-43A8-AA85-48C1DA8EE39B}"
EndProject
Project("{2150E333-8FDC-42A3-9474-1A3956D46DE8}") = "Exercise_1", "Exercise_1", "{4FD3DD4C-36BF-444B-B9F9-83780AD73A38}"
EndProject
Project("{2150E333-8FDC-42A3-9474-1A3956D46DE8}") = "Exercise_2", "Exercise_2", "{49E1687A-5775-4B76-B39B-5DECFECCFC74}"
EndProject
Project("{2150E333-8FDC-42A3-9474-1A3956D46DE8}") = "Exercise_3", "Exercise_3", "{96935670-FB24-47EC-A325-4D709F9E410A}"
EndProject
Project("{8BC9CEB8-8B4A-11D0-8D11-00A0C91BC942}") = "02561-03-01", "..\Exercise03\02561-03-01\02561-03-01.vcxproj", "{342261FD-DBCC-4320-A5A8-3A75C918CE5F}"
EndProject
Project("{2150E333-8FDC-42A3-9474-1A3956D46DE8}") = "Exercise_4", "Exercise_4", "{2C1527F1-865D-4C74-A09A-49C700437022}"
EndProject
Project("{8BC9CEB8-8B4A-11D0-8D11-00A0C91BC942}") = "02561-04-01", "..\Exercise04\02561-04-01\02561-04-01.vcxproj", "{D691B55C-D55D-4CC0-8A57-D7469B40DCAC}"
EndProject
Project("{8BC9CEB8-8B4A-11D0-8D11-00A0C91BC942}") = "02561-04-02", "..\Exercise04\02561-04-02\02561-04-02.vcxproj", "{86976A7F-AE90-47C0-8ACB-2B3E22B66DB6}"
EndProject
Project("{8BC9CEB8-8B4A-11D0-8D11-00A0C91BC942}") = "02561-04-04", "..\Exercise04\02561-04-04\02561-04-04.vcxproj", "{C4768FF7-564E-4D74-8937-04807ED642C8}"
EndProject
Project("{2150E333-8FDC-42A3-9474-1A3956D46DE8}") = "Exercise_5", "Exercise_5", "{DBEEAC90-06B3-4345-B302-8BF61A1E1E64}"
EndProject
Project("{8BC9CEB8-8B4A-11D0-8D11-00A0C91BC942}") = "02561-04-01", "..\Exercise05\02561-04-01\02561-04-01.vcxproj", "{A2770913-2C3D-4268-829F-7DE46EA9435A}"
EndProject
Project("{8BC9CEB8-8B4A-11D0-8D11-00A0C91BC942}") = "02561-04-02", "..\Exercise05\02561-04-02\02561-04-02.vcxproj", "{36EBE3B8-1093-4C16-BFA3-B8A80AE7CECF}"
EndProject
Project("{8BC9CEB8-8B4A-11D0-8D11-00A0C91BC942}") = "02561-04-03", "..\Exercise05\02561-04-03\02561-04-03.vcxproj", "{283146CF-A7A6-4989-A9C3-B601C8D9409B}"
EndProject
Project("{2150E333-8FDC-42A3-9474-1A3956D46DE8}") = "Exercise_6", "Exercise_6", "{765D68E3-9CAF-44EE-8224-FF8EFFD6DEF3}"
EndProject
Project("{8BC9CEB8-8B4A-11D0-8D11-00A0C91BC942}") = "02561-06-01", "..\Exercise06\02561-06-01\02561-06-01.vcxproj", "{7C1F4976-6B47-4C35-AC93-7CD880702D88}"
EndProject
Project("{8BC9CEB8-8B4A-11D0-8D11-00A0C91BC942}") = "02561-06-02", "..\Exercise06\02561-06-02\02561-06-02.vcxproj", "{E18F5C89-A19C-4739-9651-A4ADD7D09E89}"
EndProject
Project("{8BC9CEB8-8B4A-11D0-8D11-00A0C91BC942}") = "02561-06-03", "..\Exercise06\02561-06-03\02561-06-03.vcxproj", "{FF416C99-2868-4997-A376-116B47A4F871}"
EndProject
Project("{8BC9CEB8-8B4A-11D0-8D11-00A0C91BC942}") = "02561-06-04", "..\Exercise06\02561-06-04\02561-06-04.vcxproj", "{DC752461-DBCD-4000-ACC8-DAB802622D35}"
EndProject
Project("{8BC9CEB8-8B4A-11D0-8D11-00A0C91BC942}") = "02561-06-05", "..\Exercise06\02561-06-05\02561-06-05.vcxproj", "{A730AD3D-6863-4BAD-9482-BBAB70D5ACCA}"
EndProject
Project("{2150E333-8FDC-42A3-9474-1A3956D46DE8}") = "Exercise_7", "Exercise_7", "{67D92ECF-8C33-4EE1-8904-D1F6052192D9}"
EndProject
Project("{8BC9CEB8-8B4A-11D0-8D11-00A0C91BC942}") = "02561-07-01", "..\Exercise07\02561-07-01\02561-07-01.vcxproj", "{C2EB51E2-4C5B-40FD-8BC7-186D1DD76B6E}"
EndProject
Project("{2150E333-8FDC-42A3-9474-1A3956D46DE8}") = "Exercise_8", "Exercise_8", "{E8BD89B3-4B4A-4D57-9597-21E179A83DF3}"
EndProject
Project("{8BC9CEB8-8B4A-11D0-8D11-00A0C91BC942}") = "02561-08_09", "..\Exercise08\02561-08_09\02561-08_09.vcxproj", "{104FC14D-C869-4FE6-A338-D320925D5713}"
EndProject
Project("{2150E333-8FDC-42A3-9474-1A3956D46DE8}") = "Exercise_9", "Exercise_9", "{CC2992D8-97F6-4243-A605-B28F95B6A0C2}"
EndProject
Project("{8BC9CEB8-8B4A-11D0-8D11-00A0C91BC942}") = "02561-09-01", "..\Exercise09\02561-09-01\02561-09-01.vcxproj", "{C58746B1-DEB5-41B9-A6FE-AB7EC65AED28}"
EndProject
Project("{8BC9CEB8-8B4A-11D0-8D11-00A0C91BC942}") = "02561-09_02", "..\Exercise09\02561-09_02\02561-08_09.vcxproj", "{C83CB83C-863C-4EF9-951D-E80471E3ABEC}"
EndProject
Project("{2150E333-8FDC-42A3-9474-1A3956D46DE8}") = "Exercise_10", "Exercise_10", "{B6AEAA52-EE7A-4E4B-A539-42E28F1E72EA}"
EndProject
Project("{8BC9CEB8-8B4A-11D0-8D11-00A0C91BC942}") = "02561-10-01", "..\Exercise10\02561-10-01\02561-10-01.vcxproj", "{806CB7D4-2BC4-4905-B4E8-AF0212069F9C}"
EndProject
Project("{2150E333-8FDC-42A3-9474-1A3956D46DE8}") = "Exercise_11", "Exercise_11", "{E1F4FA09-7B4B-42B7-95CD-8A70158AEDAA}"
EndProject
Project("{8BC9CEB8-8B4A-11D0-8D11-00A0C91BC942}") = "02561-11-01", "..\Exercise11\02561-11-01\02561-11-01.vcxproj", "{FA16D96B-10C3-46C7-BEF1-3E71F2E18B4A}"
EndProject
Project("{8BC9CEB8-8B4A-11D0-8D11-00A0C91BC942}") = "02561-11-02", "..\Exercise11\02561-11-02\02561-11-02.vcxproj", "{7A941C91-CC05-43E2-BD1D-46472C165A9D}"
EndProject
Project("{8BC9CEB8-8B4A-11D0-8D11-00A0C91BC942}") = "02561-11-03", "..\Exercise11\02561-11-03\02561-11-03.vcxproj", "{DB85F5ED-B420-436F-A2A9-CB008550081D}"
EndProject
Project("{8BC9CEB8-8B4A-11D0-8D11-00A0C91BC942}") = "02561-11-04", "..\Exercise11\02561-11-04\02561-11-04.vcxproj", "{077F0288-AF20-44A2-977B-A0261BB9CE94}"
EndProject
Project("{2150E333-8FDC-42A3-9474-1A3956D46DE8}") = "Exercise_12", "Exercise_12", "{0FABDBD0-2576-4B7D-8CD4-893EA2B26F5A}"
	ProjectSection(SolutionItems) = preProject
		..\Exercise12\ex01.htm = ..\Exercise12\ex01.htm
		..\Exercise12\ex02.htm = ..\Exercise12\ex02.htm
		..\Exercise12\ex02.js = ..\Exercise12\ex02.js
		..\Exercise12\ex03.htm = ..\Exercise12\ex03.htm
		..\Exercise12\ex03.js = ..\Exercise12\ex03.js
		..\Exercise12\ex04.htm = ..\Exercise12\ex04.htm
		..\Exercise12\ex04.js = ..\Exercise12\ex04.js
		..\Exercise12\ex05.htm = ..\Exercise12\ex05.htm
		..\Exercise12\ex05.js = ..\Exercise12\ex05.js
		..\Exercise12\sphere_hi-res.json = ..\Exercise12\sphere_hi-res.json
		..\Exercise12\sphere_lo-res.json = ..\Exercise12\sphere_lo-res.json
		..\Exercise12\webgl.png = ..\Exercise12\webgl.png
	EndProjectSection
EndProject
Global
	GlobalSection(SolutionConfigurationPlatforms) = preSolution
		Debug|Win32 = Debug|Win32
		Debug2|Win32 = Debug2|Win32
		Release|Win32 = Release|Win32
		test|Win32 = test|Win32
	EndGlobalSection
	GlobalSection(ProjectConfigurationPlatforms) = postSolution
		{81E5C491-C4DB-4E32-90EA-32DCD0B54311}.Debug|Win32.ActiveCfg = Debug|Win32
		{81E5C491-C4DB-4E32-90EA-32DCD0B54311}.Debug|Win32.Build.0 = Debug|Win32
		{81E5C491-C4DB-4E32-90EA-32DCD0B54311}.Debug2|Win32.ActiveCfg = Debug|Win32
		{81E5C491-C4DB-4E32-90EA-32DCD0B54311}.Debug2|Win32.Build.0 = Debug|Win32
		{81E5C491-C4DB-4E32-90EA-32DCD0B54311}.Release|Win32.ActiveCfg = Release|Win32
		{81E5C491-C4DB-4E32-90EA-32DCD0B54311}.Release|Win32.Build.0 = Release|Win32
		{81E5C491-C4DB-4E32-90EA-32DCD0B54311}.test|Win32.ActiveCfg = Release|Win32
		{81E5C491-C4DB-4E32-90EA-32DCD0B54311}.test|Win32.Build.0 = Release|Win32
		{C8B29E3F-134C-4CAB-BE02-CDEE860919CB}.Debug|Win32.ActiveCfg = Debug|Win32
		{C8B29E3F-134C-4CAB-BE02-CDEE860919CB}.Debug|Win32.Build.0 = Debug|Win32
		{C8B29E3F-134C-4CAB-BE02-CDEE860919CB}.Debug2|Win32.ActiveCfg = Debug|Win32
		{C8B29E3F-134C-4CAB-BE02-CDEE860919CB}.Debug2|Win32.Build.0 = Debug|Win32
		{C8B29E3F-134C-4CAB-BE02-CDEE860919CB}.Release|Win32.ActiveCfg = Release|Win32
		{C8B29E3F-134C-4CAB-BE02-CDEE860919CB}.Release|Win32.Build.0 = Release|Win32
		{C8B29E3F-134C-4CAB-BE02-CDEE860919CB}.test|Win32.ActiveCfg = Release|Win32
		{C8B29E3F-134C-4CAB-BE02-CDEE860919CB}.test|Win32.Build.0 = Release|Win32
		{F5D34C10-9668-4F17-A6B4-D393DD41FF11}.Debug|Win32.ActiveCfg = Debug|Win32
		{F5D34C10-9668-4F17-A6B4-D393DD41FF11}.Debug|Win32.Build.0 = Debug|Win32
		{F5D34C10-9668-4F17-A6B4-D393DD41FF11}.Debug2|Win32.ActiveCfg = Debug|Win32
		{F5D34C10-9668-4F17-A6B4-D393DD41FF11}.Debug2|Win32.Build.0 = Debug|Win32
		{F5D34C10-9668-4F17-A6B4-D393DD41FF11}.Release|Win32.ActiveCfg = Release|Win32
		{F5D34C10-9668-4F17-A6B4-D393DD41FF11}.Release|Win32.Build.0 = Release|Win32
		{F5D34C10-9668-4F17-A6B4-D393DD41FF11}.test|Win32.ActiveCfg = Release|Win32
		{F5D34C10-9668-4F17-A6B4-D393DD41FF11}.test|Win32.Build.0 = Release|Win32
		{41744173-F65D-4462-8C72-53BEC0FD58DC}.Debug|Win32.ActiveCfg = Debug|Win32
		{41744173-F65D-4462-8C72-53BEC0FD58DC}.Debug|Win32.Build.0 = Debug|Win32
		{41744173-F65D-4462-8C72-53BEC0FD58DC}.Debug2|Win32.ActiveCfg = Debug|Win32
		{41744173-F65D-4462-8C72-53BEC0FD58DC}.Debug2|Win32.Build.0 = Debug|Win32
		{41744173-F65D-4462-8C72-53BEC0FD58DC}.Release|Win32.ActiveCfg = Release|Win32
		{41744173-F65D-4462-8C72-53BEC0FD58DC}.Release|Win32.Build.0 = Release|Win32
		{41744173-F65D-4462-8C72-53BEC0FD58DC}.test|Win32.ActiveCfg = Release|Win32
		{41744173-F65D-4462-8C72-53BEC0FD58DC}.test|Win32.Build.0 = Release|Win32
		{489788EF-B5B2-4C01-8AF3-C0087F60F8AA}.Debug|Win32.ActiveCfg = Debug|Win32
		{489788EF-B5B2-4C01-8AF3-C0087F60F8AA}.Debug|Win32.Build.0 = Debug|Win32
		{489788EF-B5B2-4C01-8AF3-C0087F60F8AA}.Debug2|Win32.ActiveCfg = Debug|Win32
		{489788EF-B5B2-4C01-8AF3-C0087F60F8AA}.Debug2|Win32.Build.0 = Debug|Win32
		{489788EF-B5B2-4C01-8AF3-C0087F60F8AA}.Release|Win32.ActiveCfg = Release|Win32
		{489788EF-B5B2-4C01-8AF3-C0087F60F8AA}.Release|Win32.Build.0 = Release|Win32
		{489788EF-B5B2-4C01-8AF3-C0087F60F8AA}.test|Win32.ActiveCfg = Release|Win32
		{489788EF-B5B2-4C01-8AF3-C0087F60F8AA}.test|Win32.Build.0 = Release|Win32
		{FA2D75C4-7E68-4ACB-B096-0BC07A2A20A3}.Debug|Win32.ActiveCfg = Debug|Win32
		{FA2D75C4-7E68-4ACB-B096-0BC07A2A20A3}.Debug|Win32.Build.0 = Debug|Win32
		{FA2D75C4-7E68-4ACB-B096-0BC07A2A20A3}.Debug2|Win32.ActiveCfg = Debug|Win32
		{FA2D75C4-7E68-4ACB-B096-0BC07A2A20A3}.Debug2|Win32.Build.0 = Debug|Win32
		{FA2D75C4-7E68-4ACB-B096-0BC07A2A20A3}.Release|Win32.ActiveCfg = Release|Win32
		{FA2D75C4-7E68-4ACB-B096-0BC07A2A20A3}.Release|Win32.Build.0 = Release|Win32
		{FA2D75C4-7E68-4ACB-B096-0BC07A2A20A3}.test|Win32.ActiveCfg = Release|Win32
		{FA2D75C4-7E68-4ACB-B096-0BC07A2A20A3}.test|Win32.Build.0 = Release|Win32
		{E70743BC-4F6E-4AC6-8A79-1E490FB9F9F4}.Debug|Win32.ActiveCfg = Debug|Win32
		{E70743BC-4F6E-4AC6-8A79-1E490FB9F9F4}.Debug|Win32.Build.0 = Debug|Win32
		{E70743BC-4F6E-4AC6-8A79-1E490FB9F9F4}.Debug2|Win32.ActiveCfg = Debug|Win32
		{E70743BC-4F6E-4AC6-8A79-1E490FB9F9F4}.Debug2|Win32.Build.0 = Debug|Win32
		{E70743BC-4F6E-4AC6-8A79-1E490FB9F9F4}.Release|Win32.ActiveCfg = Release|Win32
		{E70743BC-4F6E-4AC6-8A79-1E490FB9F9F4}.Release|Win32.Build.0 = Release|Win32
		{E70743BC-4F6E-4AC6-8A79-1E490FB9F9F4}.test|Win32.ActiveCfg = Release|Win32
		{E70743BC-4F6E-4AC6-8A79-1E490FB9F9F4}.test|Win32.Build.0 = Release|Win32
		{3589E28C-0CD6-4157-AB14-0C699DA15DDF}.Debug|Win32.ActiveCfg = Debug|Win32
		{3589E28C-0CD6-4157-AB14-0C699DA15DDF}.Debug|Win32.Build.0 = Debug|Win32
		{3589E28C-0CD6-4157-AB14-0C699DA15DDF}.Debug2|Win32.ActiveCfg = Debug|Win32
		{3589E28C-0CD6-4157-AB14-0C699DA15DDF}.Debug2|Win32.Build.0 = Debug|Win32
		{3589E28C-0CD6-4157-AB14-0C699DA15DDF}.Release|Win32.ActiveCfg = Release|Win32
		{3589E28C-0CD6-4157-AB14-0C699DA15DDF}.Release|Win32.Build.0 = Release|Win32
		{3589E28C-0CD6-4157-AB14-0C699DA15DDF}.test|Win32.ActiveCfg = Release|Win32
		{3589E28C-0CD6-4157-AB14-0C699DA15DDF}.test|Win32.Build.0 = Release|Win32
		{570AC744-C91B-47DB-BAF0-11E7A32AE4D2}.Debug|Win32.ActiveCfg = Debug|Win32
		{570AC744-C91B-47DB-BAF0-11E7A32AE4D2}.Debug|Win32.Build.0 = Debug|Win32
		{570AC744-C91B-47DB-BAF0-11E7A32AE4D2}.Debug2|Win32.ActiveCfg = Debug|Win32
		{570AC744-C91B-47DB-BAF0-11E7A32AE4D2}.Debug2|Win32.Build.0 = Debug|Win32
		{570AC744-C91B-47DB-BAF0-11E7A32AE4D2}.Release|Win32.ActiveCfg = Release|Win32
		{570AC744-C91B-47DB-BAF0-11E7A32AE4D2}.Release|Win32.Build.0 = Release|Win32
		{570AC744-C91B-47DB-BAF0-11E7A32AE4D2}.test|Win32.ActiveCfg = Release|Win32
		{570AC744-C91B-47DB-BAF0-11E7A32AE4D2}.test|Win32.Build.0 = Release|Win32
		{E74FD6E1-4488-40B3-8731-2CE8D01EB5D0}.Debug|Win32.ActiveCfg = Debug|Win32
		{E74FD6E1-4488-40B3-8731-2CE8D01EB5D0}.Debug|Win32.Build.0 = Debug|Win32
		{E74FD6E1-4488-40B3-8731-2CE8D01EB5D0}.Debug2|Win32.ActiveCfg = Debug|Win32
		{E74FD6E1-4488-40B3-8731-2CE8D01EB5D0}.Debug2|Win32.Build.0 = Debug|Win32
		{E74FD6E1-4488-40B3-8731-2CE8D01EB5D0}.Release|Win32.ActiveCfg = Release|Win32
		{E74FD6E1-4488-40B3-8731-2CE8D01EB5D0}.Release|Win32.Build.0 = Release|Win32
		{E74FD6E1-4488-40B3-8731-2CE8D01EB5D0}.test|Win32.ActiveCfg = Release|Win32
		{E74FD6E1-4488-40B3-8731-2CE8D01EB5D0}.test|Win32.Build.0 = Release|Win32
		{32158A05-E8FA-43A8-AA85-48C1DA8EE39B}.Debug|Win32.ActiveCfg = Debug|Win32
		{32158A05-E8FA-43A8-AA85-48C1DA8EE39B}.Debug|Win32.Build.0 = Debug|Win32
		{32158A05-E8FA-43A8-AA85-48C1DA8EE39B}.Debug2|Win32.ActiveCfg = Debug|Win32
		{32158A05-E8FA-43A8-AA85-48C1DA8EE39B}.Debug2|Win32.Build.0 = Debug|Win32
		{32158A05-E8FA-43A8-AA85-48C1DA8EE39B}.Release|Win32.ActiveCfg = Release|Win32
		{32158A05-E8FA-43A8-AA85-48C1DA8EE39B}.Release|Win32.Build.0 = Release|Win32
		{32158A05-E8FA-43A8-AA85-48C1DA8EE39B}.test|Win32.ActiveCfg = Release|Win32
		{32158A05-E8FA-43A8-AA85-48C1DA8EE39B}.test|Win32.Build.0 = Release|Win32
		{342261FD-DBCC-4320-A5A8-3A75C918CE5F}.Debug|Win32.ActiveCfg = Debug|Win32
		{342261FD-DBCC-4320-A5A8-3A75C918CE5F}.Debug|Win32.Build.0 = Debug|Win32
		{342261FD-DBCC-4320-A5A8-3A75C918CE5F}.Debug2|Win32.ActiveCfg = Debug|Win32
		{342261FD-DBCC-4320-A5A8-3A75C918CE5F}.Debug2|Win32.Build.0 = Debug|Win32
		{342261FD-DBCC-4320-A5A8-3A75C918CE5F}.Release|Win32.ActiveCfg = Release|Win32
		{342261FD-DBCC-4320-A5A8-3A75C918CE5F}.Release|Win32.Build.0 = Release|Win32
		{342261FD-DBCC-4320-A5A8-3A75C918CE5F}.test|Win32.ActiveCfg = Release|Win32
		{342261FD-DBCC-4320-A5A8-3A75C918CE5F}.test|Win32.Build.0 = Release|Win32
		{D691B55C-D55D-4CC0-8A57-D7469B40DCAC}.Debug|Win32.ActiveCfg = Debug|Win32
		{D691B55C-D55D-4CC0-8A57-D7469B40DCAC}.Debug|Win32.Build.0 = Debug|Win32
		{D691B55C-D55D-4CC0-8A57-D7469B40DCAC}.Debug2|Win32.ActiveCfg = Debug|Win32
		{D691B55C-D55D-4CC0-8A57-D7469B40DCAC}.Debug2|Win32.Build.0 = Debug|Win32
		{D691B55C-D55D-4CC0-8A57-D7469B40DCAC}.Release|Win32.ActiveCfg = Release|Win32
		{D691B55C-D55D-4CC0-8A57-D7469B40DCAC}.Release|Win32.Build.0 = Release|Win32
		{D691B55C-D55D-4CC0-8A57-D7469B40DCAC}.test|Win32.ActiveCfg = Release|Win32
		{D691B55C-D55D-4CC0-8A57-D7469B40DCAC}.test|Win32.Build.0 = Release|Win32
		{86976A7F-AE90-47C0-8ACB-2B3E22B66DB6}.Debug|Win32.ActiveCfg = Debug|Win32
		{86976A7F-AE90-47C0-8ACB-2B3E22B66DB6}.Debug|Win32.Build.0 = Debug|Win32
		{86976A7F-AE90-47C0-8ACB-2B3E22B66DB6}.Debug2|Win32.ActiveCfg = Debug|Win32
		{86976A7F-AE90-47C0-8ACB-2B3E22B66DB6}.Debug2|Win32.Build.0 = Debug|Win32
		{86976A7F-AE90-47C0-8ACB-2B3E22B66DB6}.Release|Win32.ActiveCfg = Release|Win32
		{86976A7F-AE90-47C0-8ACB-2B3E22B66DB6}.Release|Win32.Build.0 = Release|Win32
		{86976A7F-AE90-47C0-8ACB-2B3E22B66DB6}.test|Win32.ActiveCfg = Release|Win32
		{86976A7F-AE90-47C0-8ACB-2B3E22B66DB6}.test|Win32.Build.0 = Release|Win32
		{C4768FF7-564E-4D74-8937-04807ED642C8}.Debug|Win32.ActiveCfg = Debug|Win32
		{C4768FF7-564E-4D74-8937-04807ED642C8}.Debug|Win32.Build.0 = Debug|Win32
		{C4768FF7-564E-4D74-8937-04807ED642C8}.Debug2|Win32.ActiveCfg = Debug|Win32
		{C4768FF7-564E-4D74-8937-04807ED642C8}.Debug2|Win32.Build.0 = Debug|Win32
		{C4768FF7-564E-4D74-8937-04807ED642C8}.Release|Win32.ActiveCfg = Release|Win32
		{C4768FF7-564E-4D74-8937-04807ED642C8}.Release|Win32.Build.0 = Release|Win32
		{C4768FF7-564E-4D74-8937-04807ED642C8}.test|Win32.ActiveCfg = Release|Win32
		{C4768FF7-564E-4D74-8937-04807ED642C8}.test|Win32.Build.0 = Release|Win32
		{A2770913-2C3D-4268-829F-7DE46EA9435A}.Debug|Win32.ActiveCfg = Debug|Win32
		{A2770913-2C3D-4268-829F-7DE46EA9435A}.Debug|Win32.Build.0 = Debug|Win32
		{A2770913-2C3D-4268-829F-7DE46EA9435A}.Debug2|Win32.ActiveCfg = Debug|Win32
		{A2770913-2C3D-4268-829F-7DE46EA9435A}.Debug2|Win32.Build.0 = Debug|Win32
		{A2770913-2C3D-4268-829F-7DE46EA9435A}.Release|Win32.ActiveCfg = Release|Win32
		{A2770913-2C3D-4268-829F-7DE46EA9435A}.Release|Win32.Build.0 = Release|Win32
		{A2770913-2C3D-4268-829F-7DE46EA9435A}.test|Win32.ActiveCfg = Release|Win32
		{A2770913-2C3D-4268-829F-7DE46EA9435A}.test|Win32.Build.0 = Release|Win32
		{36EBE3B8-1093-4C16-BFA3-B8A80AE7CECF}.Debug|Win32.ActiveCfg = Debug|Win32
		{36EBE3B8-1093-4C16-BFA3-B8A80AE7CECF}.Debug|Win32.Build.0 = Debug|Win32
		{36EBE3B8-1093-4C16-BFA3-B8A80AE7CECF}.Debug2|Win32.ActiveCfg = Debug|Win32
		{36EBE3B8-1093-4C16-BFA3-B8A80AE7CECF}.Debug2|Win32.Build.0 = Debug|Win32
		{36EBE3B8-1093-4C16-BFA3-B8A80AE7CECF}.Release|Win32.ActiveCfg = Release|Win32
		{36EBE3B8-1093-4C16-BFA3-B8A80AE7CECF}.Release|Win32.Build.0 = Release|Win32
		{36EBE3B8-1093-4C16-BFA3-B8A80AE7CECF}.test|Win32.ActiveCfg = Release|Win32
		{36EBE3B8-1093-4C16-BFA3-B8A80AE7CECF}.test|Win32.Build.0 = Release|Win32
		{283146CF-A7A6-4989-A9C3-B601C8D9409B}.Debug|Win32.ActiveCfg = Debug|Win32
		{283146CF-A7A6-4989-A9C3-B601C8D9409B}.Debug|Win32.Build.0 = Debug|Win32
		{283146CF-A7A6-4989-A9C3-B601C8D9409B}.Debug2|Win32.ActiveCfg = Debug|Win32
		{283146CF-A7A6-4989-A9C3-B601C8D9409B}.Debug2|Win32.Build.0 = Debug|Win32
		{283146CF-A7A6-4989-A9C3-B601C8D9409B}.Release|Win32.ActiveCfg = Release|Win32
		{283146CF-A7A6-4989-A9C3-B601C8D9409B}.Release|Win32.Build.0 = Release|Win32
		{283146CF-A7A6-4989-A9C3-B601C8D9409B}.test|Win32.ActiveCfg = Release|Win32
		{283146CF-A7A6-4989-A9C3-B601C8D9409B}.test|Win32.Build.0 = Release|Win32
		{7C1F4976-6B47-4C35-AC93-7CD880702D88}.Debug|Win32.ActiveCfg = Debug|Win32
		{7C1F4976-6B47-4C35-AC93-7CD880702D88}.Debug|Win32.Build.0 = Debug|Win32
		{7C1F4976-6B47-4C35-AC93-7CD880702D88}.Debug2|Win32.ActiveCfg = Debug|Win32
		{7C1F4976-6B47-4C35-AC93-7CD880702D88}.Debug2|Win32.Build.0 = Debug|Win32
		{7C1F4976-6B47-4C35-AC93-7CD880702D88}.Release|Win32.ActiveCfg = Release|Win32
		{7C1F4976-6B47-4C35-AC93-7CD880702D88}.Release|Win32.Build.0 = Release|Win32
		{7C1F4976-6B47-4C35-AC93-7CD880702D88}.test|Win32.ActiveCfg = Release|Win32
		{7C1F4976-6B47-4C35-AC93-7CD880702D88}.test|Win32.Build.0 = Release|Win32
		{E18F5C89-A19C-4739-9651-A4ADD7D09E89}.Debug|Win32.ActiveCfg = Debug|Win32
		{E18F5C89-A19C-4739-9651-A4ADD7D09E89}.Debug|Win32.Build.0 = Debug|Win32
		{E18F5C89-A19C-4739-9651-A4ADD7D09E89}.Debug2|Win32.ActiveCfg = Debug|Win32
		{E18F5C89-A19C-4739-9651-A4ADD7D09E89}.Debug2|Win32.Build.0 = Debug|Win32
		{E18F5C89-A19C-4739-9651-A4ADD7D09E89}.Release|Win32.ActiveCfg = Release|Win32
		{E18F5C89-A19C-4739-9651-A4ADD7D09E89}.Release|Win32.Build.0 = Release|Win32
		{E18F5C89-A19C-4739-9651-A4ADD7D09E89}.test|Win32.ActiveCfg = Release|Win32
		{E18F5C89-A19C-4739-9651-A4ADD7D09E89}.test|Win32.Build.0 = Release|Win32
		{FF416C99-2868-4997-A376-116B47A4F871}.Debug|Win32.ActiveCfg = Debug|Win32
		{FF416C99-2868-4997-A376-116B47A4F871}.Debug|Win32.Build.0 = Debug|Win32
		{FF416C99-2868-4997-A376-116B47A4F871}.Debug2|Win32.ActiveCfg = Debug|Win32
		{FF416C99-2868-4997-A376-116B47A4F871}.Debug2|Win32.Build.0 = Debug|Win32
		{FF416C99-2868-4997-A376-116B47A4F871}.Release|Win32.ActiveCfg = Release|Win32
		{FF416C99-2868-4997-A376-116B47A4F871}.Release|Win32.Build.0 = Release|Win32
		{FF416C99-2868-4997-A376-116B47A4F871}.test|Win32.ActiveCfg = Release|Win32
		{FF416C99-2868-4997-A376-116B47A4F871}.test|Win32.Build.0 = Release|Win32
		{DC752461-DBCD-4000-ACC8-DAB802622D35}.Debug|Win32.ActiveCfg = Debug|Win32
		{DC752461-DBCD-4000-ACC8-DAB802622D35}.Debug|Win32.Build.0 = Debug|Win32
		{DC752461-DBCD-4000-ACC8-DAB802622D35}.Debug2|Win32.ActiveCfg = Debug|Win32
		{DC752461-DBCD-4000-ACC8-DAB802622D35}.Debug2|Win32.Build.0 = Debug|Win32
		{DC752461-DBCD-4000-ACC8-DAB802622D35}.Release|Win32.ActiveCfg = Release|Win32
		{DC752461-DBCD-4000-ACC8-DAB802622D35}.Release|Win32.Build.0 = Release|Win32
		{DC752461-DBCD-4000-ACC8-DAB802622D35}.test|Win32.ActiveCfg = Release|Win32
		{DC752461-DBCD-4000-ACC8-DAB802622D35}.test|Win32.Build.0 = Release|Win32
		{A730AD3D-6863-4BAD-9482-BBAB70D5ACCA}.Debug|Win32.ActiveCfg = Debug|Win32
		{A730AD3D-6863-4BAD-9482-BBAB70D5ACCA}.Debug|Win32.Build.0 = Debug|Win32
		{A730AD3D-6863-4BAD-9482-BBAB70D5ACCA}.Debug2|Win32.ActiveCfg = Debug|Win32
		{A730AD3D-6863-4BAD-9482-BBAB70D5ACCA}.Debug2|Win32.Build.0 = Debug|Win32
		{A730AD3D-6863-4BAD-9482-BBAB70D5ACCA}.Release|Win32.ActiveCfg = Release|Win32
		{A730AD3D-6863-4BAD-9482-BBAB70D5ACCA}.Release|Win32.Build.0 = Release|Win32
		{A730AD3D-6863-4BAD-9482-BBAB70D5ACCA}.test|Win32.ActiveCfg = Release|Win32
		{A730AD3D-6863-4BAD-9482-BBAB70D5ACCA}.test|Win32.Build.0 = Release|Win32
		{C2EB51E2-4C5B-40FD-8BC7-186D1DD76B6E}.Debug|Win32.ActiveCfg = Debug|Win32
		{C2EB51E2-4C5B-40FD-8BC7-186D1DD76B6E}.Debug|Win32.Build.0 = Debug|Win32
		{C2EB51E2-4C5B-40FD-8BC7-186D1DD76B6E}.Debug2|Win32.ActiveCfg = Debug|Win32
		{C2EB51E2-4C5B-40FD-8BC7-186D1DD76B6E}.Debug2|Win32.Build.0 = Debug|Win32
		{C2EB51E2-4C5B-40FD-8BC7-186D1DD76B6E}.Release|Win32.ActiveCfg = Release|Win32
		{C2EB51E2-4C5B-40FD-8BC7-186D1DD76B6E}.Release|Win32.Build.0 = Release|Win32
		{C2EB51E2-4C5B-40FD-8BC7-186D1DD76B6E}.test|Win32.ActiveCfg = Release|Win32
		{C2EB51E2-4C5B-40FD-8BC7-186D1DD76B6E}.test|Win32.Build.0 = Release|Win32
		{104FC14D-C869-4FE6-A338-D320925D5713}.Debug|Win32.ActiveCfg = Debug|Win32
		{104FC14D-C869-4FE6-A338-D320925D5713}.Debug|Win32.Build.0 = Debug|Win32
		{104FC14D-C869-4FE6-A338-D320925D5713}.Debug2|Win32.ActiveCfg = Debug|Win32
		{104FC14D-C869-4FE6-A338-D320925D5713}.Debug2|Win32.Build.0 = Debug|Win32
		{104FC14D-C869-4FE6-A338-D320925D5713}.Release|Win32.ActiveCfg = Release|Win32
		{104FC14D-C869-4FE6-A338-D320925D5713}.Release|Win32.Build.0 = Release|Win32
		{104FC14D-C869-4FE6-A338-D320925D5713}.test|Win32.ActiveCfg = Release|Win32
		{104FC14D-C869-4FE6-A338-D320925D5713}.test|Win32.Build.0 = Release|Win32
		{C58746B1-DEB5-41B9-A6FE-AB7EC65AED28}.Debug|Win32.ActiveCfg = Debug|Win32
		{C58746B1-DEB5-41B9-A6FE-AB7EC65AED28}.Debug|Win32.Build.0 = Debug|Win32
		{C58746B1-DEB5-41B9-A6FE-AB7EC65AED28}.Debug2|Win32.ActiveCfg = Debug|Win32
		{C58746B1-DEB5-41B9-A6FE-AB7EC65AED28}.Debug2|Win32.Build.0 = Debug|Win32
		{C58746B1-DEB5-41B9-A6FE-AB7EC65AED28}.Release|Win32.ActiveCfg = Release|Win32
		{C58746B1-DEB5-41B9-A6FE-AB7EC65AED28}.Release|Win32.Build.0 = Release|Win32
		{C58746B1-DEB5-41B9-A6FE-AB7EC65AED28}.test|Win32.ActiveCfg = Release|Win32
		{C58746B1-DEB5-41B9-A6FE-AB7EC65AED28}.test|Win32.Build.0 = Release|Win32
		{C83CB83C-863C-4EF9-951D-E80471E3ABEC}.Debug|Win32.ActiveCfg = Debug|Win32
		{C83CB83C-863C-4EF9-951D-E80471E3ABEC}.Debug|Win32.Build.0 = Debug|Win32
		{C83CB83C-863C-4EF9-951D-E80471E3ABEC}.Debug2|Win32.ActiveCfg = Debug|Win32
		{C83CB83C-863C-4EF9-951D-E80471E3ABEC}.Debug2|Win32.Build.0 = Debug|Win32
		{C83CB83C-863C-4EF9-951D-E80471E3ABEC}.Release|Win32.ActiveCfg = Release|Win32
		{C83CB83C-863C-4EF9-951D-E80471E3ABEC}.Release|Win32.Build.0 = Release|Win32
		{C83CB83C-863C-4EF9-951D-E80471E3ABEC}.test|Win32.ActiveCfg = Release|Win32
		{C83CB83C-863C-4EF9-951D-E80471E3ABEC}.test|Win32.Build.0 = Release|Win32
		{806CB7D4-2BC4-4905-B4E8-AF0212069F9C}.Debug|Win32.ActiveCfg = Debug|Win32
		{806CB7D4-2BC4-4905-B4E8-AF0212069F9C}.Debug|Win32.Build.0 = Debug|Win32
		{806CB7D4-2BC4-4905-B4E8-AF0212069F9C}.Debug2|Win32.ActiveCfg = Debug|Win32
		{806CB7D4-2BC4-4905-B4E8-AF0212069F9C}.Debug2|Win32.Build.0 = Debug|Win32
		{806CB7D4-2BC4-4905-B4E8-AF0212069F9C}.Release|Win32.ActiveCfg = Release|Win32
		{806CB7D4-2BC4-4905-B4E8-AF0212069F9C}.Release|Win32.Build.0 = Release|Win32
		{806CB7D4-2BC4-4905-B4E8-AF0212069F9C}.test|Win32.ActiveCfg = Release|Win32
		{806CB7D4-2BC4-4905-B4E8-AF0212069F9C}.test|Win32.Build.0 = Release|Win32
		{FA16D96B-10C3-46C7-BEF1-3E71F2E18B4A}.Debug|Win32.ActiveCfg = Debug|Win32
		{FA16D96B-10C3-46C7-BEF1-3E71F2E18B4A}.Debug|Win32.Build.0 = Debug|Win32
		{FA16D96B-10C3-46C7-BEF1-3E71F2E18B4A}.Debug2|Win32.ActiveCfg = Debug2|Win32
		{FA16D96B-10C3-46C7-BEF1-3E71F2E18B4A}.Debug2|Win32.Build.0 = Debug2|Win32
		{FA16D96B-10C3-46C7-BEF1-3E71F2E18B4A}.Release|Win32.ActiveCfg = Release|Win32
		{FA16D96B-10C3-46C7-BEF1-3E71F2E18B4A}.Release|Win32.Build.0 = Release|Win32
		{FA16D96B-10C3-46C7-BEF1-3E71F2E18B4A}.test|Win32.ActiveCfg = test|Win32
		{FA16D96B-10C3-46C7-BEF1-3E71F2E18B4A}.test|Win32.Build.0 = test|Win32
		{7A941C91-CC05-43E2-BD1D-46472C165A9D}.Debug|Win32.ActiveCfg = Debug|Win32
		{7A941C91-CC05-43E2-BD1D-46472C165A9D}.Debug|Win32.Build.0 = Debug|Win32
		{7A941C91-CC05-43E2-BD1D-46472C165A9D}.Debug2|Win32.ActiveCfg = Debug2|Win32
		{7A941C91-CC05-43E2-BD1D-46472C165A9D}.Debug2|Win32.Build.0 = Debug2|Win32
		{7A941C91-CC05-43E2-BD1D-46472C165A9D}.Release|Win32.ActiveCfg = Release|Win32
		{7A941C91-CC05-43E2-BD1D-46472C165A9D}.Release|Win32.Build.0 = Release|Win32
		{7A941C91-CC05-43E2-BD1D-46472C165A9D}.test|Win32.ActiveCfg = test|Win32
		{7A941C91-CC05-43E2-BD1D-46472C165A9D}.test|Win32.Build.0 = test|Win32
		{DB85F5ED-B420-436F-A2A9-CB008550081D}.Debug|Win32.ActiveCfg = Debug|Win32
		{DB85F5ED-B420-436F-A2A9-CB008550081D}.Debug|Win32.Build.0 = Debug|Win32
		{DB85F5ED-B420-436F-A2A9-CB008550081D}.Debug2|Win32.ActiveCfg = Debug2|Win32
		{DB85F5ED-B420-436F-A2A9-CB008550081D}.Debug2|Win32.Build.0 = Debug2|Win32
		{DB85F5ED-B420-436F-A2A9-CB008550081D}.Release|Win32.ActiveCfg = Release|Win32
		{DB85F5ED-B420-436F-A2A9-CB008550081D}.Release|Win32.Build.0 = Release|Win32
		{DB85F5ED-B420-436F-A2A9-CB008550081D}.test|Win32.ActiveCfg = test|Win32
		{DB85F5ED-B420-436F-A2A9-CB008550081D}.test|Win32.Build.0 = test|Win32
		{077F0288-AF20-44A2-977B-A0261BB9CE94}.Debug|Win32.ActiveCfg = Debug|Win32
		{077F0288-AF20-44A2-977B-A0261BB9CE94}.Debug|Win32.Build.0 = Debug|Win32
		{077F0288-AF20-44A2-977B-A0261BB9CE94}.Debug2|Win32.ActiveCfg = Debug2|Win32
		{077F0288-AF20-44A2-977B-A0261BB9CE94}.Debug2|Win32.Build.0 = Debug2|Win32
		{077F0288-AF20-44A2-977B-A0261BB9CE94}.Release|Win32.ActiveCfg = Release|Win32
		{077F0288-AF20-44A2-977B-A0261BB9CE94}.Release|Win32.Build.0 = Release|Win32
		{077F0288-AF20-44A2-977B-A0261BB9CE94}.test|Win32.ActiveCfg = test|Win32
		{077F0288-AF20-44A2-977B-A0261BB9CE94}.test|Win32.Build.0 = test|Win32
	EndGlobalSection
	GlobalSection(SolutionProperties) = preSolution
		HideSolutionNode = FALSE
	EndGlobalSection
	GlobalSection(NestedProjects) = preSolution
		{FA2D75C4-7E68-4ACB-B096-0BC07A2A20A3} = {4FD3DD4C-36BF-444B-B9F9-83780AD73A38}
		{81E5C491-C4DB-4E32-90EA-32DCD0B54311} = {4FD3DD4C-36BF-444B-B9F9-83780AD73A38}
		{C8B29E3F-134C-4CAB-BE02-CDEE860919CB} = {4FD3DD4C-36BF-444B-B9F9-83780AD73A38}
		{F5D34C10-9668-4F17-A6B4-D393DD41FF11} = {4FD3DD4C-36BF-444B-B9F9-83780AD73A38}
		{41744173-F65D-4462-8C72-53BEC0FD58DC} = {4FD3DD4C-36BF-444B-B9F9-83780AD73A38}
		{489788EF-B5B2-4C01-8AF3-C0087F60F8AA} = {4FD3DD4C-36BF-444B-B9F9-83780AD73A38}
		{E70743BC-4F6E-4AC6-8A79-1E490FB9F9F4} = {49E1687A-5775-4B76-B39B-5DECFECCFC74}
		{3589E28C-0CD6-4157-AB14-0C699DA15DDF} = {49E1687A-5775-4B76-B39B-5DECFECCFC74}
		{570AC744-C91B-47DB-BAF0-11E7A32AE4D2} = {49E1687A-5775-4B76-B39B-5DECFECCFC74}
		{E74FD6E1-4488-40B3-8731-2CE8D01EB5D0} = {49E1687A-5775-4B76-B39B-5DECFECCFC74}
		{32158A05-E8FA-43A8-AA85-48C1DA8EE39B} = {49E1687A-5775-4B76-B39B-5DECFECCFC74}
		{342261FD-DBCC-4320-A5A8-3A75C918CE5F} = {96935670-FB24-47EC-A325-4D709F9E410A}
		{D691B55C-D55D-4CC0-8A57-D7469B40DCAC} = {2C1527F1-865D-4C74-A09A-49C700437022}
		{86976A7F-AE90-47C0-8ACB-2B3E22B66DB6} = {2C1527F1-865D-4C74-A09A-49C700437022}
		{C4768FF7-564E-4D74-8937-04807ED642C8} = {2C1527F1-865D-4C74-A09A-49C700437022}
		{A2770913-2C3D-4268-829F-7DE46EA9435A} = {DBEEAC90-06B3-4345-B302-8BF61A1E1E64}
		{36EBE3B8-1093-4C16-BFA3-B8A80AE7CECF} = {DBEEAC90-06B3-4345-B302-8BF61A1E1E64}
		{283146CF-A7A6-4989-A9C3-B601C8D9409B} = {DBEEAC90-06B3-4345-B302-8BF61A1E1E64}
		{7C1F4976-6B47-4C35-AC93-7CD880702D88} = {765D68E3-9CAF-44EE-8224-FF8EFFD6DEF3}
		{E18F5C89-A19C-4739-9651-A4ADD7D09E89} = {765D68E3-9CAF-44EE-8224-FF8EFFD6DEF3}
		{FF416C99-2868-4997-A376-116B47A4F871} = {765D68E3-9CAF-44EE-8224-FF8EFFD6DEF3}
		{DC752461-DBCD-4000-ACC8-DAB802622D35} = {765D68E3-9CAF-44EE-8224-FF8EFFD6DEF3}
		{A730AD3D-6863-4BAD-9482-BBAB70D5ACCA} = {765D68E3-9CAF-44EE-8224-FF8EFFD6DEF3}
		{C2EB51E2-4C5B-40FD-8BC7-186D1DD76B6E} = {67D92ECF-8C33-4EE1-8904-D1F6052192D9}
		{104FC14D-C869-4FE6-A338-D320925D5713} = {E8BD89B3-4B4A-4D57-9597-21E179A83DF3}
		{C58746B1-DEB5-41B9-A6FE-AB7EC65AED28} = {CC2992D8-97F6-4243-A605-B28F95B6A0C2}
		{C83CB83C-863C-4EF9-951D-E80471E3ABEC} = {CC2992D8-97F6-4243-A605-B28F95B6A0C2}
		{806CB7D4-2BC4-4905-B4E8-AF0212069F9C} = {B6AEAA52-EE7A-4E4B-A539-42E28F1E72EA}
		{FA16D96B-10C3-46C7-BEF1-3E71F2E18B4A} = {E1F4FA09-7B4B-42B7-95CD-8A70158AEDAA}
		{7A941C91-CC05-43E2-BD1D-46472C165A9D} = {E1F4FA09-7B4B-42B7-95CD-8A70158AEDAA}
		{DB85F5ED-B420-436F-A2A9-CB008550081D} = {E1F4FA09-7B4B-42B7-95CD-8A70158AEDAA}
		{077F0288-AF20-44A2-977B-A0261BB9CE94} = {E1F4FA09-7B4B-42B7-95CD-8A70158AEDAA}
	EndGlobalSection
EndGlobal
