
Microsoft Visual Studio Solution File, Format Version 12.00
# Visual Studio 2012
Project("{8BC9CEB8-8B4A-11D0-8D11-00A0C91BC942}") = "02561-04-01", "02561-04-01\02561-04-01.vcxproj", "{570AC744-C91B-47DB-BAF0-11E7A32AE4D2}"
EndProject
Project("{8BC9CEB8-8B4A-11D0-8D11-00A0C91BC942}") = "02561-04-02", "02561-04-02\02561-04-02.vcxproj", "{86976A7F-AE90-47C0-8ACB-2B3E22B66DB6}"
EndProject
Project("{8BC9CEB8-8B4A-11D0-8D11-00A0C91BC942}") = "02561-04-04", "02561-04-04\02561-04-04.vcxproj", "{C4768FF7-564E-4D74-8937-04807ED642C8}"
EndProject
Global
	GlobalSection(SolutionConfigurationPlatforms) = preSolution
		Debug|Win32 = Debug|Win32
		Release|Win32 = Release|Win32
	EndGlobalSection
	GlobalSection(ProjectConfigurationPlatforms) = postSolution
		{570AC744-C91B-47DB-BAF0-11E7A32AE4D2}.Debug|Win32.ActiveCfg = Debug|Win32
		{570AC744-C91B-47DB-BAF0-11E7A32AE4D2}.Debug|Win32.Build.0 = Debug|Win32
		{570AC744-C91B-47DB-BAF0-11E7A32AE4D2}.Release|Win32.ActiveCfg = Release|Win32
		{570AC744-C91B-47DB-BAF0-11E7A32AE4D2}.Release|Win32.Build.0 = Release|Win32
		{86976A7F-AE90-47C0-8ACB-2B3E22B66DB6}.Debug|Win32.ActiveCfg = Debug|Win32
		{86976A7F-AE90-47C0-8ACB-2B3E22B66DB6}.Debug|Win32.Build.0 = Debug|Win32
		{86976A7F-AE90-47C0-8ACB-2B3E22B66DB6}.Release|Win32.ActiveCfg = Release|Win32
		{86976A7F-AE90-47C0-8ACB-2B3E22B66DB6}.Release|Win32.Build.0 = Release|Win32
		{C4768FF7-564E-4D74-8937-04807ED642C8}.Debug|Win32.ActiveCfg = Debug|Win32
		{C4768FF7-564E-4D74-8937-04807ED642C8}.Debug|Win32.Build.0 = Debug|Win32
		{C4768FF7-564E-4D74-8937-04807ED642C8}.Release|Win32.ActiveCfg = Release|Win32
		{C4768FF7-564E-4D74-8937-04807ED642C8}.Release|Win32.Build.0 = Release|Win32
	EndGlobalSection
	GlobalSection(SolutionProperties) = preSolution
		HideSolutionNode = FALSE
	EndGlobalSection
EndGlobal
